
Microsoft Visual Studio Solution File, Format Version 12.00
# Visual Studio Version 17
VisualStudioVersion = 17.2.32616.157
MinimumVisualStudioVersion = 10.0.40219.1
Project("{FAE04EC0-301F-11D3-BF4B-00C04F79EFBC}") = "ProductReviewMananagementLinq", "ProductReviewMananagementLinq.csproj", "{32D7CD66-94A8-4054-9BBD-C117A6B6A2B9}"
EndProject
Global
	GlobalSection(SolutionConfigurationPlatforms) = preSolution
		Debug|Any CPU = Debug|Any CPU
		Release|Any CPU = Release|Any CPU
	EndGlobalSection
	GlobalSection(ProjectConfigurationPlatforms) = postSolution
		{32D7CD66-94A8-4054-9BBD-C117A6B6A2B9}.Debug|Any CPU.ActiveCfg = Debug|Any CPU
		{32D7CD66-94A8-4054-9BBD-C117A6B6A2B9}.Debug|Any CPU.Build.0 = Debug|Any CPU
		{32D7CD66-94A8-4054-9BBD-C117A6B6A2B9}.Release|Any CPU.ActiveCfg = Release|Any CPU
		{32D7CD66-94A8-4054-9BBD-C117A6B6A2B9}.Release|Any CPU.Build.0 = Release|Any CPU
	EndGlobalSection
	GlobalSection(SolutionProperties) = preSolution
		HideSolutionNode = FALSE
	EndGlobalSection
	GlobalSection(ExtensibilityGlobals) = postSolution
		SolutionGuid = {A3C02845-11B8-4CCB-AB08-2FE19ED55F45}
	EndGlobalSection
EndGlobal
